// !$*UTF8*$!
{
	archiveVersion = 1;
	classes = {
	};
	objectVersion = 50;
	objects = {

/* Begin PBXBuildFile section */
		6EA151CC2289766800781308 /* AppDelegate.swift in Sources */ = {isa = PBXBuildFile; fileRef = 6EA151CB2289766800781308 /* AppDelegate.swift */; };
		6EA151CE2289766800781308 /* ViewController.swift in Sources */ = {isa = PBXBuildFile; fileRef = 6EA151CD2289766800781308 /* ViewController.swift */; };
		6EA151D12289766800781308 /* Main.storyboard in Resources */ = {isa = PBXBuildFile; fileRef = 6EA151CF2289766800781308 /* Main.storyboard */; };
		6EA151D32289766A00781308 /* Assets.xcassets in Resources */ = {isa = PBXBuildFile; fileRef = 6EA151D22289766A00781308 /* Assets.xcassets */; };
		6EA151D62289766A00781308 /* LaunchScreen.storyboard in Resources */ = {isa = PBXBuildFile; fileRef = 6EA151D42289766A00781308 /* LaunchScreen.storyboard */; };
		6EA151E12289766B00781308 /* Student_DatabaseTests.swift in Sources */ = {isa = PBXBuildFile; fileRef = 6EA151E02289766B00781308 /* Student_DatabaseTests.swift */; };
		6EA151EC2289766B00781308 /* Student_DatabaseUITests.swift in Sources */ = {isa = PBXBuildFile; fileRef = 6EA151EB2289766B00781308 /* Student_DatabaseUITests.swift */; };
/* End PBXBuildFile section */

/* Begin PBXContainerItemProxy section */
		6EA151DD2289766B00781308 /* PBXContainerItemProxy */ = {
			isa = PBXContainerItemProxy;
			containerPortal = 6EA151C02289766800781308 /* Project object */;
			proxyType = 1;
			remoteGlobalIDString = 6EA151C72289766800781308;
			remoteInfo = "Student Database";
		};
		6EA151E82289766B00781308 /* PBXContainerItemProxy */ = {
			isa = PBXContainerItemProxy;
			containerPortal = 6EA151C02289766800781308 /* Project object */;
			proxyType = 1;
			remoteGlobalIDString = 6EA151C72289766800781308;
			remoteInfo = "Student Database";
		};
/* End PBXContainerItemProxy section */

/* Begin PBXFileReference section */
		6EA151C82289766800781308 /* Student Database.app */ = {isa = PBXFileReference; explicitFileType = wrapper.application; includeInIndex = 0; path = "Student Database.app"; sourceTree = BUILT_PRODUCTS_DIR; };
		6EA151CB2289766800781308 /* AppDelegate.swift */ = {isa = PBXFileReference; lastKnownFileType = sourcecode.swift; path = AppDelegate.swift; sourceTree = "<group>"; };
		6EA151CD2289766800781308 /* ViewController.swift */ = {isa = PBXFileReference; lastKnownFileType = sourcecode.swift; path = ViewController.swift; sourceTree = "<group>"; };
		6EA151D02289766800781308 /* Base */ = {isa = PBXFileReference; lastKnownFileType = file.storyboard; name = Base; path = Base.lproj/Main.storyboard; sourceTree = "<group>"; };
		6EA151D22289766A00781308 /* Assets.xcassets */ = {isa = PBXFileReference; lastKnownFileType = folder.assetcatalog; path = Assets.xcassets; sourceTree = "<group>"; };
		6EA151D52289766A00781308 /* Base */ = {isa = PBXFileReference; lastKnownFileType = file.storyboard; name = Base; path = Base.lproj/LaunchScreen.storyboard; sourceTree = "<group>"; };
		6EA151D72289766A00781308 /* Info.plist */ = {isa = PBXFileReference; lastKnownFileType = text.plist.xml; path = Info.plist; sourceTree = "<group>"; };
		6EA151DC2289766B00781308 /* Student DatabaseTests.xctest */ = {isa = PBXFileReference; explicitFileType = wrapper.cfbundle; includeInIndex = 0; path = "Student DatabaseTests.xctest"; sourceTree = BUILT_PRODUCTS_DIR; };
		6EA151E02289766B00781308 /* Student_DatabaseTests.swift */ = {isa = PBXFileReference; lastKnownFileType = sourcecode.swift; path = Student_DatabaseTests.swift; sourceTree = "<group>"; };
		6EA151E22289766B00781308 /* Info.plist */ = {isa = PBXFileReference; lastKnownFileType = text.plist.xml; path = Info.plist; sourceTree = "<group>"; };
		6EA151E72289766B00781308 /* Student DatabaseUITests.xctest */ = {isa = PBXFileReference; explicitFileType = wrapper.cfbundle; includeInIndex = 0; path = "Student DatabaseUITests.xctest"; sourceTree = BUILT_PRODUCTS_DIR; };
		6EA151EB2289766B00781308 /* Student_DatabaseUITests.swift */ = {isa = PBXFileReference; lastKnownFileType = sourcecode.swift; path = Student_DatabaseUITests.swift; sourceTree = "<group>"; };
		6EA151ED2289766B00781308 /* Info.plist */ = {isa = PBXFileReference; lastKnownFileType = text.plist.xml; path = Info.plist; sourceTree = "<group>"; };
/* End PBXFileReference section */

/* Begin PBXFrameworksBuildPhase section */
		6EA151C52289766800781308 /* Frameworks */ = {
			isa = PBXFrameworksBuildPhase;
			buildActionMask = 2147483647;
			files = (
			);
			runOnlyForDeploymentPostprocessing = 0;
		};
		6EA151D92289766B00781308 /* Frameworks */ = {
			isa = PBXFrameworksBuildPhase;
			buildActionMask = 2147483647;
			files = (
			);
			runOnlyForDeploymentPostprocessing = 0;
		};
		6EA151E42289766B00781308 /* Frameworks */ = {
			isa = PBXFrameworksBuildPhase;
			buildActionMask = 2147483647;
			files = (
			);
			runOnlyForDeploymentPostprocessing = 0;
		};
/* End PBXFrameworksBuildPhase section */

/* Begin PBXGroup section */
		6EA151BF2289766800781308 = {
			isa = PBXGroup;
			children = (
				6EA151CA2289766800781308 /* Student Database */,
				6EA151DF2289766B00781308 /* Student DatabaseTests */,
				6EA151EA2289766B00781308 /* Student DatabaseUITests */,
				6EA151C92289766800781308 /* Products */,
			);
			sourceTree = "<group>";
		};
		6EA151C92289766800781308 /* Products */ = {
			isa = PBXGroup;
			children = (
				6EA151C82289766800781308 /* Student Database.app */,
				6EA151DC2289766B00781308 /* Student DatabaseTests.xctest */,
				6EA151E72289766B00781308 /* Student DatabaseUITests.xctest */,
			);
			name = Products;
			sourceTree = "<group>";
		};
		6EA151CA2289766800781308 /* Student Database */ = {
			isa = PBXGroup;
			children = (
				6EA151CB2289766800781308 /* AppDelegate.swift */,
				6EA151CD2289766800781308 /* ViewController.swift */,
				6EA151CF2289766800781308 /* Main.storyboard */,
				6EA151D22289766A00781308 /* Assets.xcassets */,
				6EA151D42289766A00781308 /* LaunchScreen.storyboard */,
				6EA151D72289766A00781308 /* Info.plist */,
			);
			path = "Student Database";
			sourceTree = "<group>";
		};
		6EA151DF2289766B00781308 /* Student DatabaseTests */ = {
			isa = PBXGroup;
			children = (
				6EA151E02289766B00781308 /* Student_DatabaseTests.swift */,
				6EA151E22289766B00781308 /* Info.plist */,
			);
			path = "Student DatabaseTests";
			sourceTree = "<group>";
		};
		6EA151EA2289766B00781308 /* Student DatabaseUITests */ = {
			isa = PBXGroup;
			children = (
				6EA151EB2289766B00781308 /* Student_DatabaseUITests.swift */,
				6EA151ED2289766B00781308 /* Info.plist */,
			);
			path = "Student DatabaseUITests";
			sourceTree = "<group>";
		};
/* End PBXGroup section */

/* Begin PBXNativeTarget section */
		6EA151C72289766800781308 /* Student Database */ = {
			isa = PBXNativeTarget;
			buildConfigurationList = 6EA151F02289766B00781308 /* Build configuration list for PBXNativeTarget "Student Database" */;
			buildPhases = (
				6EA151C42289766800781308 /* Sources */,
				6EA151C52289766800781308 /* Frameworks */,
				6EA151C62289766800781308 /* Resources */,
			);
			buildRules = (
			);
			dependencies = (
			);
			name = "Student Database";
			productName = "Student Database";
			productReference = 6EA151C82289766800781308 /* Student Database.app */;
			productType = "com.apple.product-type.application";
		};
		6EA151DB2289766B00781308 /* Student DatabaseTests */ = {
			isa = PBXNativeTarget;
			buildConfigurationList = 6EA151F32289766B00781308 /* Build configuration list for PBXNativeTarget "Student DatabaseTests" */;
			buildPhases = (
				6EA151D82289766B00781308 /* Sources */,
				6EA151D92289766B00781308 /* Frameworks */,
				6EA151DA2289766B00781308 /* Resources */,
			);
			buildRules = (
			);
			dependencies = (
				6EA151DE2289766B00781308 /* PBXTargetDependency */,
			);
			name = "Student DatabaseTests";
			productName = "Student DatabaseTests";
			productReference = 6EA151DC2289766B00781308 /* Student DatabaseTests.xctest */;
			productType = "com.apple.product-type.bundle.unit-test";
		};
		6EA151E62289766B00781308 /* Student DatabaseUITests */ = {
			isa = PBXNativeTarget;
			buildConfigurationList = 6EA151F62289766B00781308 /* Build configuration list for PBXNativeTarget "Student DatabaseUITests" */;
			buildPhases = (
				6EA151E32289766B00781308 /* Sources */,
				6EA151E42289766B00781308 /* Frameworks */,
				6EA151E52289766B00781308 /* Resources */,
			);
			buildRules = (
			);
			dependencies = (
				6EA151E92289766B00781308 /* PBXTargetDependency */,
			);
			name = "Student DatabaseUITests";
			productName = "Student DatabaseUITests";
			productReference = 6EA151E72289766B00781308 /* Student DatabaseUITests.xctest */;
			productType = "com.apple.product-type.bundle.ui-testing";
		};
/* End PBXNativeTarget section */

/* Begin PBXProject section */
		6EA151C02289766800781308 /* Project object */ = {
			isa = PBXProject;
			attributes = {
				LastSwiftUpdateCheck = 1020;
				LastUpgradeCheck = 1020;
				ORGANIZATIONNAME = "Vaclav Matousek";
				TargetAttributes = {
					6EA151C72289766800781308 = {
						CreatedOnToolsVersion = 10.2.1;
					};
					6EA151DB2289766B00781308 = {
						CreatedOnToolsVersion = 10.2.1;
						TestTargetID = 6EA151C72289766800781308;
					};
					6EA151E62289766B00781308 = {
						CreatedOnToolsVersion = 10.2.1;
						TestTargetID = 6EA151C72289766800781308;
					};
				};
			};
			buildConfigurationList = 6EA151C32289766800781308 /* Build configuration list for PBXProject "Student Database" */;
			compatibilityVersion = "Xcode 9.3";
			developmentRegion = en;
			hasScannedForEncodings = 0;
			knownRegions = (
				en,
				Base,
			);
			mainGroup = 6EA151BF2289766800781308;
			productRefGroup = 6EA151C92289766800781308 /* Products */;
			projectDirPath = "";
			projectRoot = "";
			targets = (
				6EA151C72289766800781308 /* Student Database */,
				6EA151DB2289766B00781308 /* Student DatabaseTests */,
				6EA151E62289766B00781308 /* Student DatabaseUITests */,
			);
		};
/* End PBXProject section */

/* Begin PBXResourcesBuildPhase section */
		6EA151C62289766800781308 /* Resources */ = {
			isa = PBXResourcesBuildPhase;
			buildActionMask = 2147483647;
			files = (
				6EA151D62289766A00781308 /* LaunchScreen.storyboard in Resources */,
				6EA151D32289766A00781308 /* Assets.xcassets in Resources */,
				6EA151D12289766800781308 /* Main.storyboard in Resources */,
			);
			runOnlyForDeploymentPostprocessing = 0;
		};
		6EA151DA2289766B00781308 /* Resources */ = {
			isa = PBXResourcesBuildPhase;
			buildActionMask = 2147483647;
			files = (
			);
			runOnlyForDeploymentPostprocessing = 0;
		};
		6EA151E52289766B00781308 /* Resources */ = {
			isa = PBXResourcesBuildPhase;
			buildActionMask = 2147483647;
			files = (
			);
			runOnlyForDeploymentPostprocessing = 0;
		};
/* End PBXResourcesBuildPhase section */

/* Begin PBXSourcesBuildPhase section */
		6EA151C42289766800781308 /* Sources */ = {
			isa = PBXSourcesBuildPhase;
			buildActionMask = 2147483647;
			files = (
				6EA151CE2289766800781308 /* ViewController.swift in Sources */,
				6EA151CC2289766800781308 /* AppDelegate.swift in Sources */,
			);
			runOnlyForDeploymentPostprocessing = 0;
		};
		6EA151D82289766B00781308 /* Sources */ = {
			isa = PBXSourcesBuildPhase;
			buildActionMask = 2147483647;
			files = (
				6EA151E12289766B00781308 /* Student_DatabaseTests.swift in Sources */,
			);
			runOnlyForDeploymentPostprocessing = 0;
		};
		6EA151E32289766B00781308 /* Sources */ = {
			isa = PBXSourcesBuildPhase;
			buildActionMask = 2147483647;
			files = (
				6EA151EC2289766B00781308 /* Student_DatabaseUITests.swift in Sources */,
			);
			runOnlyForDeploymentPostprocessing = 0;
		};
/* End PBXSourcesBuildPhase section */

/* Begin PBXTargetDependency section */
		6EA151DE2289766B00781308 /* PBXTargetDependency */ = {
			isa = PBXTargetDependency;
			target = 6EA151C72289766800781308 /* Student Database */;
			targetProxy = 6EA151DD2289766B00781308 /* PBXContainerItemProxy */;
		};
		6EA151E92289766B00781308 /* PBXTargetDependency */ = {
			isa = PBXTargetDependency;
			target = 6EA151C72289766800781308 /* Student Database */;
			targetProxy = 6EA151E82289766B00781308 /* PBXContainerItemProxy */;
		};
/* End PBXTargetDependency section */

/* Begin PBXVariantGroup section */
		6EA151CF2289766800781308 /* Main.storyboard */ = {
			isa = PBXVariantGroup;
			children = (
				6EA151D02289766800781308 /* Base */,
			);
			name = Main.storyboard;
			sourceTree = "<group>";
		};
		6EA151D42289766A00781308 /* LaunchScreen.storyboard */ = {
			isa = PBXVariantGroup;
			children = (
				6EA151D52289766A00781308 /* Base */,
			);
			name = LaunchScreen.storyboard;
			sourceTree = "<group>";
		};
/* End PBXVariantGroup section */

/* Begin XCBuildConfiguration section */
		6EA151EE2289766B00781308 /* Debug */ = {
			isa = XCBuildConfiguration;
			buildSettings = {
				ALWAYS_SEARCH_USER_PATHS = NO;
				CLANG_ANALYZER_NONNULL = YES;
				CLANG_ANALYZER_NUMBER_OBJECT_CONVERSION = YES_AGGRESSIVE;
				CLANG_CXX_LANGUAGE_STANDARD = "gnu++14";
				CLANG_CXX_LIBRARY = "libc++";
				CLANG_ENABLE_MODULES = YES;
				CLANG_ENABLE_OBJC_ARC = YES;
				CLANG_ENABLE_OBJC_WEAK = YES;
				CLANG_WARN_BLOCK_CAPTURE_AUTORELEASING = YES;
				CLANG_WARN_BOOL_CONVERSION = YES;
				CLANG_WARN_COMMA = YES;
				CLANG_WARN_CONSTANT_CONVERSION = YES;
				CLANG_WARN_DEPRECATED_OBJC_IMPLEMENTATIONS = YES;
				CLANG_WARN_DIRECT_OBJC_ISA_USAGE = YES_ERROR;
				CLANG_WARN_DOCUMENTATION_COMMENTS = YES;
				CLANG_WARN_EMPTY_BODY = YES;
				CLANG_WARN_ENUM_CONVERSION = YES;
				CLANG_WARN_INFINITE_RECURSION = YES;
				CLANG_WARN_INT_CONVERSION = YES;
				CLANG_WARN_NON_LITERAL_NULL_CONVERSION = YES;
				CLANG_WARN_OBJC_IMPLICIT_RETAIN_SELF = YES;
				CLANG_WARN_OBJC_LITERAL_CONVERSION = YES;
				CLANG_WARN_OBJC_ROOT_CLASS = YES_ERROR;
				CLANG_WARN_RANGE_LOOP_ANALYSIS = YES;
				CLANG_WARN_STRICT_PROTOTYPES = YES;
				CLANG_WARN_SUSPICIOUS_MOVE = YES;
				CLANG_WARN_UNGUARDED_AVAILABILITY = YES_AGGRESSIVE;
				CLANG_WARN_UNREACHABLE_CODE = YES;
				CLANG_WARN__DUPLICATE_METHOD_MATCH = YES;
				CODE_SIGN_IDENTITY = "iPhone Developer";
				COPY_PHASE_STRIP = NO;
				DEBUG_INFORMATION_FORMAT = dwarf;
				ENABLE_STRICT_OBJC_MSGSEND = YES;
				ENABLE_TESTABILITY = YES;
				GCC_C_LANGUAGE_STANDARD = gnu11;
				GCC_DYNAMIC_NO_PIC = NO;
				GCC_NO_COMMON_BLOCKS = YES;
				GCC_OPTIMIZATION_LEVEL = 0;
				GCC_PREPROCESSOR_DEFINITIONS = (
					"DEBUG=1",
					"$(inherited)",
				);
				GCC_WARN_64_TO_32_BIT_CONVERSION = YES;
				GCC_WARN_ABOUT_RETURN_TYPE = YES_ERROR;
				GCC_WARN_UNDECLARED_SELECTOR = YES;
				GCC_WARN_UNINITIALIZED_AUTOS = YES_AGGRESSIVE;
				GCC_WARN_UNUSED_FUNCTION = YES;
				GCC_WARN_UNUSED_VARIABLE = YES;
				IPHONEOS_DEPLOYMENT_TARGET = 12.2;
				MTL_ENABLE_DEBUG_INFO = INCLUDE_SOURCE;
				MTL_FAST_MATH = YES;
				ONLY_ACTIVE_ARCH = YES;
				SDKROOT = iphoneos;
				SWIFT_ACTIVE_COMPILATION_CONDITIONS = DEBUG;
				SWIFT_OPTIMIZATION_LEVEL = "-Onone";
			};
			name = Debug;
		};
		6EA151EF2289766B00781308 /* Release */ = {
			isa = XCBuildConfiguration;
			buildSettings = {
				ALWAYS_SEARCH_USER_PATHS = NO;
				CLANG_ANALYZER_NONNULL = YES;
				CLANG_ANALYZER_NUMBER_OBJECT_CONVERSION = YES_AGGRESSIVE;
				CLANG_CXX_LANGUAGE_STANDARD = "gnu++14";
				CLANG_CXX_LIBRARY = "libc++";
				CLANG_ENABLE_MODULES = YES;
				CLANG_ENABLE_OBJC_ARC = YES;
				CLANG_ENABLE_OBJC_WEAK = YES;
				CLANG_WARN_BLOCK_CAPTURE_AUTORELEASING = YES;
				CLANG_WARN_BOOL_CONVERSION = YES;
				CLANG_WARN_COMMA = YES;
				CLANG_WARN_CONSTANT_CONVERSION = YES;
				CLANG_WARN_DEPRECATED_OBJC_IMPLEMENTATIONS = YES;
				CLANG_WARN_DIRECT_OBJC_ISA_USAGE = YES_ERROR;
				CLANG_WARN_DOCUMENTATION_COMMENTS = YES;
				CLANG_WARN_EMPTY_BODY = YES;
				CLANG_WARN_ENUM_CONVERSION = YES;
				CLANG_WARN_INFINITE_RECURSION = YES;
				CLANG_WARN_INT_CONVERSION = YES;
				CLANG_WARN_NON_LITERAL_NULL_CONVERSION = YES;
				CLANG_WARN_OBJC_IMPLICIT_RETAIN_SELF = YES;
				CLANG_WARN_OBJC_LITERAL_CONVERSION = YES;
				CLANG_WARN_OBJC_ROOT_CLASS = YES_ERROR;
				CLANG_WARN_RANGE_LOOP_ANALYSIS = YES;
				CLANG_WARN_STRICT_PROTOTYPES = YES;
				CLANG_WARN_SUSPICIOUS_MOVE = YES;
				CLANG_WARN_UNGUARDED_AVAILABILITY = YES_AGGRESSIVE;
				CLANG_WARN_UNREACHABLE_CODE = YES;
				CLANG_WARN__DUPLICATE_METHOD_MATCH = YES;
				CODE_SIGN_IDENTITY = "iPhone Developer";
				COPY_PHASE_STRIP = NO;
				DEBUG_INFORMATION_FORMAT = "dwarf-with-dsym";
				ENABLE_NS_ASSERTIONS = NO;
				ENABLE_STRICT_OBJC_MSGSEND = YES;
				GCC_C_LANGUAGE_STANDARD = gnu11;
				GCC_NO_COMMON_BLOCKS = YES;
				GCC_WARN_64_TO_32_BIT_CONVERSION = YES;
				GCC_WARN_ABOUT_RETURN_TYPE = YES_ERROR;
				GCC_WARN_UNDECLARED_SELECTOR = YES;
				GCC_WARN_UNINITIALIZED_AUTOS = YES_AGGRESSIVE;
				GCC_WARN_UNUSED_FUNCTION = YES;
				GCC_WARN_UNUSED_VARIABLE = YES;
				IPHONEOS_DEPLOYMENT_TARGET = 12.2;
				MTL_ENABLE_DEBUG_INFO = NO;
				MTL_FAST_MATH = YES;
				SDKROOT = iphoneos;
				SWIFT_COMPILATION_MODE = wholemodule;
				SWIFT_OPTIMIZATION_LEVEL = "-O";
				VALIDATE_PRODUCT = YES;
			};
			name = Release;
		};
		6EA151F12289766B00781308 /* Debug */ = {
			isa = XCBuildConfiguration;
			buildSettings = {
				ASSETCATALOG_COMPILER_APPICON_NAME = AppIcon;
				CODE_SIGN_STYLE = Automatic;
				INFOPLIST_FILE = "Student Database/Info.plist";
				LD_RUNPATH_SEARCH_PATHS = (
					"$(inherited)",
					"@executable_path/Frameworks",
				);
				PRODUCT_BUNDLE_IDENTIFIER = "com.vaclmat.mfpstarteriOS.Student-Database";
				PRODUCT_NAME = "$(TARGET_NAME)";
				SWIFT_VERSION = 5.0;
				TARGETED_DEVICE_FAMILY = "1,2";
			};
			name = Debug;
		};
		6EA151F22289766B00781308 /* Release */ = {
			isa = XCBuildConfiguration;
			buildSettings = {
				ASSETCATALOG_COMPILER_APPICON_NAME = AppIcon;
				CODE_SIGN_STYLE = Automatic;
				INFOPLIST_FILE = "Student Database/Info.plist";
				LD_RUNPATH_SEARCH_PATHS = (
					"$(inherited)",
					"@executable_path/Frameworks",
				);
				PRODUCT_BUNDLE_IDENTIFIER = "com.vaclmat.mfpstarteriOS.Student-Database";
				PRODUCT_NAME = "$(TARGET_NAME)";
				SWIFT_VERSION = 5.0;
				TARGETED_DEVICE_FAMILY = "1,2";
			};
			name = Release;
		};
		6EA151F42289766B00781308 /* Debug */ = {
			isa = XCBuildConfiguration;
			buildSettings = {
				ALWAYS_EMBED_SWIFT_STANDARD_LIBRARIES = YES;
				BUNDLE_LOADER = "$(TEST_HOST)";
				CODE_SIGN_STYLE = Automatic;
				INFOPLIST_FILE = "Student DatabaseTests/Info.plist";
				LD_RUNPATH_SEARCH_PATHS = (
					"$(inherited)",
					"@executable_path/Frameworks",
					"@loader_path/Frameworks",
				);
				PRODUCT_BUNDLE_IDENTIFIER = "com.vaclmat.mfpstarteriOS.Student-DatabaseTests";
				PRODUCT_NAME = "$(TARGET_NAME)";
				SWIFT_VERSION = 5.0;
				TARGETED_DEVICE_FAMILY = "1,2";
				TEST_HOST = "$(BUILT_PRODUCTS_DIR)/Student Database.app/Student Database";
			};
			name = Debug;
		};
		6EA151F52289766B00781308 /* Release */ = {
			isa = XCBuildConfiguration;
			buildSettings = {
				ALWAYS_EMBED_SWIFT_STANDARD_LIBRARIES = YES;
				BUNDLE_LOADER = "$(TEST_HOST)";
				CODE_SIGN_STYLE = Automatic;
				INFOPLIST_FILE = "Student DatabaseTests/Info.plist";
				LD_RUNPATH_SEARCH_PATHS = (
					"$(inherited)",
					"@executable_path/Frameworks",
					"@loader_path/Frameworks",
				);
				PRODUCT_BUNDLE_IDENTIFIER = "com.vaclmat.mfpstarteriOS.Student-DatabaseTests";
				PRODUCT_NAME = "$(TARGET_NAME)";
				SWIFT_VERSION = 5.0;
				TARGETED_DEVICE_FAMILY = "1,2";
				TEST_HOST = "$(BUILT_PRODUCTS_DIR)/Student Database.app/Student Database";
			};
			name = Release;
		};
		6EA151F72289766B00781308 /* Debug */ = {
			isa = XCBuildConfiguration;
			buildSettings = {
				ALWAYS_EMBED_SWIFT_STANDARD_LIBRARIES = YES;
				CODE_SIGN_STYLE = Automatic;
				INFOPLIST_FILE = "Student DatabaseUITests/Info.plist";
				LD_RUNPATH_SEARCH_PATHS = (
					"$(inherited)",
					"@executable_path/Frameworks",
					"@loader_path/Frameworks",
				);
				PRODUCT_BUNDLE_IDENTIFIER = "com.vaclmat.mfpstarteriOS.Student-DatabaseUITests";
				PRODUCT_NAME = "$(TARGET_NAME)";
				SWIFT_VERSION = 5.0;
				TARGETED_DEVICE_FAMILY = "1,2";
				TEST_TARGET_NAME = "Student Database";
			};
			name = Debug;
		};
		6EA151F82289766B00781308 /* Release */ = {
			isa = XCBuildConfiguration;
			buildSettings = {
				ALWAYS_EMBED_SWIFT_STANDARD_LIBRARIES = YES;
				CODE_SIGN_STYLE = Automatic;
				INFOPLIST_FILE = "Student DatabaseUITests/Info.plist";
				LD_RUNPATH_SEARCH_PATHS = (
					"$(inherited)",
					"@executable_path/Frameworks",
					"@loader_path/Frameworks",
				);
				PRODUCT_BUNDLE_IDENTIFIER = "com.vaclmat.mfpstarteriOS.Student-DatabaseUITests";
				PRODUCT_NAME = "$(TARGET_NAME)";
				SWIFT_VERSION = 5.0;
				TARGETED_DEVICE_FAMILY = "1,2";
				TEST_TARGET_NAME = "Student Database";
			};
			name = Release;
		};
/* End XCBuildConfiguration section */

/* Begin XCConfigurationList section */
		6EA151C32289766800781308 /* Build configuration list for PBXProject "Student Database" */ = {
			isa = XCConfigurationList;
			buildConfigurations = (
				6EA151EE2289766B00781308 /* Debug */,
				6EA151EF2289766B00781308 /* Release */,
			);
			defaultConfigurationIsVisible = 0;
			defaultConfigurationName = Release;
		};
		6EA151F02289766B00781308 /* Build configuration list for PBXNativeTarget "Student Database" */ = {
			isa = XCConfigurationList;
			buildConfigurations = (
				6EA151F12289766B00781308 /* Debug */,
				6EA151F22289766B00781308 /* Release */,
			);
			defaultConfigurationIsVisible = 0;
			defaultConfigurationName = Release;
		};
		6EA151F32289766B00781308 /* Build configuration list for PBXNativeTarget "Student DatabaseTests" */ = {
			isa = XCConfigurationList;
			buildConfigurations = (
				6EA151F42289766B00781308 /* Debug */,
				6EA151F52289766B00781308 /* Release */,
			);
			defaultConfigurationIsVisible = 0;
			defaultConfigurationName = Release;
		};
		6EA151F62289766B00781308 /* Build configuration list for PBXNativeTarget "Student DatabaseUITests" */ = {
			isa = XCConfigurationList;
			buildConfigurations = (
				6EA151F72289766B00781308 /* Debug */,
				6EA151F82289766B00781308 /* Release */,
			);
			defaultConfigurationIsVisible = 0;
			defaultConfigurationName = Release;
		};
/* End XCConfigurationList section */
	};
	rootObject = 6EA151C02289766800781308 /* Project object */;
}
